
Microsoft Visual Studio Solution File, Format Version 12.00
# Visual Studio Version 16
VisualStudioVersion = 16.0.31402.337
MinimumVisualStudioVersion = 10.0.40219.1
Project("{FAE04EC0-301F-11D3-BF4B-00C04F79EFBC}") = "Fuwear.WebApi", "Fuwear.WebApi\Fuwear.WebApi.csproj", "{F418AECB-A394-408D-A733-3F445A6C5927}"
EndProject
Project("{FAE04EC0-301F-11D3-BF4B-00C04F79EFBC}") = "Fuwear.Test", "Fuwear.Test\Fuwear.Test.csproj", "{F87820F0-F772-45B6-AFBE-6C27F6F48461}"
EndProject
Global
	GlobalSection(SolutionConfigurationPlatforms) = preSolution
		Debug|Any CPU = Debug|Any CPU
		Release|Any CPU = Release|Any CPU
	EndGlobalSection
	GlobalSection(ProjectConfigurationPlatforms) = postSolution
		{F418AECB-A394-408D-A733-3F445A6C5927}.Debug|Any CPU.ActiveCfg = Debug|Any CPU
		{F418AECB-A394-408D-A733-3F445A6C5927}.Debug|Any CPU.Build.0 = Debug|Any CPU
		{F418AECB-A394-408D-A733-3F445A6C5927}.Release|Any CPU.ActiveCfg = Release|Any CPU
		{F418AECB-A394-408D-A733-3F445A6C5927}.Release|Any CPU.Build.0 = Release|Any CPU
		{F87820F0-F772-45B6-AFBE-6C27F6F48461}.Debug|Any CPU.ActiveCfg = Debug|Any CPU
		{F87820F0-F772-45B6-AFBE-6C27F6F48461}.Debug|Any CPU.Build.0 = Debug|Any CPU
		{F87820F0-F772-45B6-AFBE-6C27F6F48461}.Release|Any CPU.ActiveCfg = Release|Any CPU
		{F87820F0-F772-45B6-AFBE-6C27F6F48461}.Release|Any CPU.Build.0 = Release|Any CPU
	EndGlobalSection
	GlobalSection(SolutionProperties) = preSolution
		HideSolutionNode = FALSE
	EndGlobalSection
	GlobalSection(ExtensibilityGlobals) = postSolution
		SolutionGuid = {C8D78843-A06A-48FE-8128-1C776F7E13CA}
	EndGlobalSection
EndGlobal
